
Microsoft Visual Studio Solution File, Format Version 12.00
# Visual Studio Version 17
VisualStudioVersion = 17.0.31903.59
MinimumVisualStudioVersion = 10.0.40219.1
Project("{FAE04EC0-301F-11D3-BF4B-00C04F79EFBC}") = "GameTeam.Codegen", "GameTeam.Codegen\GameTeam.Codegen.csproj", "{B861FAE8-4DF7-41A1-AD18-AA9896E2B673}"
EndProject
Project("{FAE04EC0-301F-11D3-BF4B-00C04F79EFBC}") = "GameTeam.Codegen.Cli", "GameTeam.Codegen.Cli\GameTeam.Codegen.Cli.csproj", "{61BF3D47-22D7-4B06-9191-814E87147CBE}"
EndProject
Project("{FAE04EC0-301F-11D3-BF4B-00C04F79EFBC}") = "GameTeam.Codegen.Tests", "GameTeam.Codegen.Tests\GameTeam.Codegen.Tests.csproj", "{8BB1D4F5-2BB6-4FCE-B544-0C4877C9FBC2}"
EndProject
Global
	GlobalSection(SolutionConfigurationPlatforms) = preSolution
		Debug|Any CPU = Debug|Any CPU
		Debug|x64 = Debug|x64
		Debug|x86 = Debug|x86
		Release|Any CPU = Release|Any CPU
		Release|x64 = Release|x64
		Release|x86 = Release|x86
	EndGlobalSection
	GlobalSection(ProjectConfigurationPlatforms) = postSolution
		{B861FAE8-4DF7-41A1-AD18-AA9896E2B673}.Debug|Any CPU.ActiveCfg = Debug|Any CPU
		{B861FAE8-4DF7-41A1-AD18-AA9896E2B673}.Debug|Any CPU.Build.0 = Debug|Any CPU
		{B861FAE8-4DF7-41A1-AD18-AA9896E2B673}.Debug|x64.ActiveCfg = Debug|Any CPU
		{B861FAE8-4DF7-41A1-AD18-AA9896E2B673}.Debug|x64.Build.0 = Debug|Any CPU
		{B861FAE8-4DF7-41A1-AD18-AA9896E2B673}.Debug|x86.ActiveCfg = Debug|Any CPU
		{B861FAE8-4DF7-41A1-AD18-AA9896E2B673}.Debug|x86.Build.0 = Debug|Any CPU
		{B861FAE8-4DF7-41A1-AD18-AA9896E2B673}.Release|Any CPU.ActiveCfg = Release|Any CPU
		{B861FAE8-4DF7-41A1-AD18-AA9896E2B673}.Release|Any CPU.Build.0 = Release|Any CPU
		{B861FAE8-4DF7-41A1-AD18-AA9896E2B673}.Release|x64.ActiveCfg = Release|Any CPU
		{B861FAE8-4DF7-41A1-AD18-AA9896E2B673}.Release|x64.Build.0 = Release|Any CPU
		{B861FAE8-4DF7-41A1-AD18-AA9896E2B673}.Release|x86.ActiveCfg = Release|Any CPU
		{B861FAE8-4DF7-41A1-AD18-AA9896E2B673}.Release|x86.Build.0 = Release|Any CPU
		{61BF3D47-22D7-4B06-9191-814E87147CBE}.Debug|Any CPU.ActiveCfg = Debug|Any CPU
		{61BF3D47-22D7-4B06-9191-814E87147CBE}.Debug|Any CPU.Build.0 = Debug|Any CPU
		{61BF3D47-22D7-4B06-9191-814E87147CBE}.Debug|x64.ActiveCfg = Debug|Any CPU
		{61BF3D47-22D7-4B06-9191-814E87147CBE}.Debug|x64.Build.0 = Debug|Any CPU
		{61BF3D47-22D7-4B06-9191-814E87147CBE}.Debug|x86.ActiveCfg = Debug|Any CPU
		{61BF3D47-22D7-4B06-9191-814E87147CBE}.Debug|x86.Build.0 = Debug|Any CPU
		{61BF3D47-22D7-4B06-9191-814E87147CBE}.Release|Any CPU.ActiveCfg = Release|Any CPU
		{61BF3D47-22D7-4B06-9191-814E87147CBE}.Release|Any CPU.Build.0 = Release|Any CPU
		{61BF3D47-22D7-4B06-9191-814E87147CBE}.Release|x64.ActiveCfg = Release|Any CPU
		{61BF3D47-22D7-4B06-9191-814E87147CBE}.Release|x64.Build.0 = Release|Any CPU
		{61BF3D47-22D7-4B06-9191-814E87147CBE}.Release|x86.ActiveCfg = Release|Any CPU
		{61BF3D47-22D7-4B06-9191-814E87147CBE}.Release|x86.Build.0 = Release|Any CPU
		{8BB1D4F5-2BB6-4FCE-B544-0C4877C9FBC2}.Debug|Any CPU.ActiveCfg = Debug|Any CPU
		{8BB1D4F5-2BB6-4FCE-B544-0C4877C9FBC2}.Debug|Any CPU.Build.0 = Debug|Any CPU
		{8BB1D4F5-2BB6-4FCE-B544-0C4877C9FBC2}.Debug|x64.ActiveCfg = Debug|Any CPU
		{8BB1D4F5-2BB6-4FCE-B544-0C4877C9FBC2}.Debug|x64.Build.0 = Debug|Any CPU
		{8BB1D4F5-2BB6-4FCE-B544-0C4877C9FBC2}.Debug|x86.ActiveCfg = Debug|Any CPU
		{8BB1D4F5-2BB6-4FCE-B544-0C4877C9FBC2}.Debug|x86.Build.0 = Debug|Any CPU
		{8BB1D4F5-2BB6-4FCE-B544-0C4877C9FBC2}.Release|Any CPU.ActiveCfg = Release|Any CPU
		{8BB1D4F5-2BB6-4FCE-B544-0C4877C9FBC2}.Release|Any CPU.Build.0 = Release|Any CPU
		{8BB1D4F5-2BB6-4FCE-B544-0C4877C9FBC2}.Release|x64.ActiveCfg = Release|Any CPU
		{8BB1D4F5-2BB6-4FCE-B544-0C4877C9FBC2}.Release|x64.Build.0 = Release|Any CPU
		{8BB1D4F5-2BB6-4FCE-B544-0C4877C9FBC2}.Release|x86.ActiveCfg = Release|Any CPU
		{8BB1D4F5-2BB6-4FCE-B544-0C4877C9FBC2}.Release|x86.Build.0 = Release|Any CPU
	EndGlobalSection
	GlobalSection(SolutionProperties) = preSolution
		HideSolutionNode = FALSE
	EndGlobalSection
EndGlobal
