
Microsoft Visual Studio Solution File, Format Version 12.00
# Visual Studio Version 17
VisualStudioVersion = 17.0.31903.59
MinimumVisualStudioVersion = 10.0.40219.1
Project("{2150E333-8FDC-42A3-9474-1A3956D46DE8}") = "src", "src", "{827E0CD3-B72D-47B6-A68D-7590B98EB39B}"
EndProject
Project("{FAE04EC0-301F-11D3-BF4B-00C04F79EFBC}") = "GameTeam.Domain", "src\GameTeam.Domain\GameTeam.Domain.csproj", "{599344DB-31E9-4618-AB8F-247FB6EF5B29}"
EndProject
Project("{FAE04EC0-301F-11D3-BF4B-00C04F79EFBC}") = "GameTeam.Contracts", "src\GameTeam.Contracts\GameTeam.Contracts.csproj", "{FEE8DAA7-FAE9-40D8-A1FD-52297D2B3058}"
EndProject
Project("{FAE04EC0-301F-11D3-BF4B-00C04F79EFBC}") = "GameTeam.Application", "src\GameTeam.Application\GameTeam.Application.csproj", "{8B0B664E-DA79-449E-9545-D8D857A2B2AF}"
EndProject
Project("{FAE04EC0-301F-11D3-BF4B-00C04F79EFBC}") = "GameTeam.Infrastructure", "src\GameTeam.Infrastructure\GameTeam.Infrastructure.csproj", "{AF59EFD8-CD09-4387-A660-B2D1277053C8}"
EndProject
Project("{FAE04EC0-301F-11D3-BF4B-00C04F79EFBC}") = "GameTeam.Api", "src\GameTeam.Api\GameTeam.Api.csproj", "{DDEA7EC9-9FA0-452E-ACC8-D0EAEE64ED69}"
EndProject
Project("{FAE04EC0-301F-11D3-BF4B-00C04F79EFBC}") = "GameTeam.Domain.Tests", "tests\GameTeam.Domain.Tests\GameTeam.Domain.Tests.csproj", "{1A66CF31-D679-4FA4-81BD-56B5AFE7D5A8}"
EndProject
Project("{FAE04EC0-301F-11D3-BF4B-00C04F79EFBC}") = "GameTeam.Application.Tests", "tests\GameTeam.Application.Tests\GameTeam.Application.Tests.csproj", "{F0A4E7D5-6106-4240-A213-9132C4E52F01}"
EndProject
Project("{FAE04EC0-301F-11D3-BF4B-00C04F79EFBC}") = "GameTeam.Infrastructure.Tests", "tests\GameTeam.Infrastructure.Tests\GameTeam.Infrastructure.Tests.csproj", "{36724E98-DDBC-492B-B79F-9C96B5453653}"
EndProject
Project("{FAE04EC0-301F-11D3-BF4B-00C04F79EFBC}") = "GameTeam.Api.IntegrationTests", "tests\GameTeam.Api.IntegrationTests\GameTeam.Api.IntegrationTests.csproj", "{63DE6FE2-AB47-43B6-8278-EB2607EC034E}"
EndProject
Project("{FAE04EC0-301F-11D3-BF4B-00C04F79EFBC}") = "GameTeam.Contracts.Tests", "tests\GameTeam.Contracts.Tests\GameTeam.Contracts.Tests.csproj", "{8CF20618-70DE-4FB2-B83C-E5009AA27CD6}"
EndProject
Global
	GlobalSection(SolutionConfigurationPlatforms) = preSolution
		Debug|Any CPU = Debug|Any CPU
		Debug|x64 = Debug|x64
		Debug|x86 = Debug|x86
		Release|Any CPU = Release|Any CPU
		Release|x64 = Release|x64
		Release|x86 = Release|x86
	EndGlobalSection
	GlobalSection(ProjectConfigurationPlatforms) = postSolution
		{599344DB-31E9-4618-AB8F-247FB6EF5B29}.Debug|Any CPU.ActiveCfg = Debug|Any CPU
		{599344DB-31E9-4618-AB8F-247FB6EF5B29}.Debug|Any CPU.Build.0 = Debug|Any CPU
		{599344DB-31E9-4618-AB8F-247FB6EF5B29}.Debug|x64.ActiveCfg = Debug|Any CPU
		{599344DB-31E9-4618-AB8F-247FB6EF5B29}.Debug|x64.Build.0 = Debug|Any CPU
		{599344DB-31E9-4618-AB8F-247FB6EF5B29}.Debug|x86.ActiveCfg = Debug|Any CPU
		{599344DB-31E9-4618-AB8F-247FB6EF5B29}.Debug|x86.Build.0 = Debug|Any CPU
		{599344DB-31E9-4618-AB8F-247FB6EF5B29}.Release|Any CPU.ActiveCfg = Release|Any CPU
		{599344DB-31E9-4618-AB8F-247FB6EF5B29}.Release|Any CPU.Build.0 = Release|Any CPU
		{599344DB-31E9-4618-AB8F-247FB6EF5B29}.Release|x64.ActiveCfg = Release|Any CPU
		{599344DB-31E9-4618-AB8F-247FB6EF5B29}.Release|x64.Build.0 = Release|Any CPU
		{599344DB-31E9-4618-AB8F-247FB6EF5B29}.Release|x86.ActiveCfg = Release|Any CPU
		{599344DB-31E9-4618-AB8F-247FB6EF5B29}.Release|x86.Build.0 = Release|Any CPU
		{FEE8DAA7-FAE9-40D8-A1FD-52297D2B3058}.Debug|Any CPU.ActiveCfg = Debug|Any CPU
		{FEE8DAA7-FAE9-40D8-A1FD-52297D2B3058}.Debug|Any CPU.Build.0 = Debug|Any CPU
		{FEE8DAA7-FAE9-40D8-A1FD-52297D2B3058}.Debug|x64.ActiveCfg = Debug|Any CPU
		{FEE8DAA7-FAE9-40D8-A1FD-52297D2B3058}.Debug|x64.Build.0 = Debug|Any CPU
		{FEE8DAA7-FAE9-40D8-A1FD-52297D2B3058}.Debug|x86.ActiveCfg = Debug|Any CPU
		{FEE8DAA7-FAE9-40D8-A1FD-52297D2B3058}.Debug|x86.Build.0 = Debug|Any CPU
		{FEE8DAA7-FAE9-40D8-A1FD-52297D2B3058}.Release|Any CPU.ActiveCfg = Release|Any CPU
		{FEE8DAA7-FAE9-40D8-A1FD-52297D2B3058}.Release|Any CPU.Build.0 = Release|Any CPU
		{FEE8DAA7-FAE9-40D8-A1FD-52297D2B3058}.Release|x64.ActiveCfg = Release|Any CPU
		{FEE8DAA7-FAE9-40D8-A1FD-52297D2B3058}.Release|x64.Build.0 = Release|Any CPU
		{FEE8DAA7-FAE9-40D8-A1FD-52297D2B3058}.Release|x86.ActiveCfg = Release|Any CPU
		{FEE8DAA7-FAE9-40D8-A1FD-52297D2B3058}.Release|x86.Build.0 = Release|Any CPU
		{8B0B664E-DA79-449E-9545-D8D857A2B2AF}.Debug|Any CPU.ActiveCfg = Debug|Any CPU
		{8B0B664E-DA79-449E-9545-D8D857A2B2AF}.Debug|Any CPU.Build.0 = Debug|Any CPU
		{8B0B664E-DA79-449E-9545-D8D857A2B2AF}.Debug|x64.ActiveCfg = Debug|Any CPU
		{8B0B664E-DA79-449E-9545-D8D857A2B2AF}.Debug|x64.Build.0 = Debug|Any CPU
		{8B0B664E-DA79-449E-9545-D8D857A2B2AF}.Debug|x86.ActiveCfg = Debug|Any CPU
		{8B0B664E-DA79-449E-9545-D8D857A2B2AF}.Debug|x86.Build.0 = Debug|Any CPU
		{8B0B664E-DA79-449E-9545-D8D857A2B2AF}.Release|Any CPU.ActiveCfg = Release|Any CPU
		{8B0B664E-DA79-449E-9545-D8D857A2B2AF}.Release|Any CPU.Build.0 = Release|Any CPU
		{8B0B664E-DA79-449E-9545-D8D857A2B2AF}.Release|x64.ActiveCfg = Release|Any CPU
		{8B0B664E-DA79-449E-9545-D8D857A2B2AF}.Release|x64.Build.0 = Release|Any CPU
		{8B0B664E-DA79-449E-9545-D8D857A2B2AF}.Release|x86.ActiveCfg = Release|Any CPU
		{8B0B664E-DA79-449E-9545-D8D857A2B2AF}.Release|x86.Build.0 = Release|Any CPU
		{AF59EFD8-CD09-4387-A660-B2D1277053C8}.Debug|Any CPU.ActiveCfg = Debug|Any CPU
		{AF59EFD8-CD09-4387-A660-B2D1277053C8}.Debug|Any CPU.Build.0 = Debug|Any CPU
		{AF59EFD8-CD09-4387-A660-B2D1277053C8}.Debug|x64.ActiveCfg = Debug|Any CPU
		{AF59EFD8-CD09-4387-A660-B2D1277053C8}.Debug|x64.Build.0 = Debug|Any CPU
		{AF59EFD8-CD09-4387-A660-B2D1277053C8}.Debug|x86.ActiveCfg = Debug|Any CPU
		{AF59EFD8-CD09-4387-A660-B2D1277053C8}.Debug|x86.Build.0 = Debug|Any CPU
		{AF59EFD8-CD09-4387-A660-B2D1277053C8}.Release|Any CPU.ActiveCfg = Release|Any CPU
		{AF59EFD8-CD09-4387-A660-B2D1277053C8}.Release|Any CPU.Build.0 = Release|Any CPU
		{AF59EFD8-CD09-4387-A660-B2D1277053C8}.Release|x64.ActiveCfg = Release|Any CPU
		{AF59EFD8-CD09-4387-A660-B2D1277053C8}.Release|x64.Build.0 = Release|Any CPU
		{AF59EFD8-CD09-4387-A660-B2D1277053C8}.Release|x86.ActiveCfg = Release|Any CPU
		{AF59EFD8-CD09-4387-A660-B2D1277053C8}.Release|x86.Build.0 = Release|Any CPU
		{DDEA7EC9-9FA0-452E-ACC8-D0EAEE64ED69}.Debug|Any CPU.ActiveCfg = Debug|Any CPU
		{DDEA7EC9-9FA0-452E-ACC8-D0EAEE64ED69}.Debug|Any CPU.Build.0 = Debug|Any CPU
		{DDEA7EC9-9FA0-452E-ACC8-D0EAEE64ED69}.Debug|x64.ActiveCfg = Debug|Any CPU
		{DDEA7EC9-9FA0-452E-ACC8-D0EAEE64ED69}.Debug|x64.Build.0 = Debug|Any CPU
		{DDEA7EC9-9FA0-452E-ACC8-D0EAEE64ED69}.Debug|x86.ActiveCfg = Debug|Any CPU
		{DDEA7EC9-9FA0-452E-ACC8-D0EAEE64ED69}.Debug|x86.Build.0 = Debug|Any CPU
		{DDEA7EC9-9FA0-452E-ACC8-D0EAEE64ED69}.Release|Any CPU.ActiveCfg = Release|Any CPU
		{DDEA7EC9-9FA0-452E-ACC8-D0EAEE64ED69}.Release|Any CPU.Build.0 = Release|Any CPU
		{DDEA7EC9-9FA0-452E-ACC8-D0EAEE64ED69}.Release|x64.ActiveCfg = Release|Any CPU
		{DDEA7EC9-9FA0-452E-ACC8-D0EAEE64ED69}.Release|x64.Build.0 = Release|Any CPU
		{DDEA7EC9-9FA0-452E-ACC8-D0EAEE64ED69}.Release|x86.ActiveCfg = Release|Any CPU
		{DDEA7EC9-9FA0-452E-ACC8-D0EAEE64ED69}.Release|x86.Build.0 = Release|Any CPU
		{1A66CF31-D679-4FA4-81BD-56B5AFE7D5A8}.Debug|Any CPU.ActiveCfg = Debug|Any CPU
		{1A66CF31-D679-4FA4-81BD-56B5AFE7D5A8}.Debug|Any CPU.Build.0 = Debug|Any CPU
		{1A66CF31-D679-4FA4-81BD-56B5AFE7D5A8}.Debug|x64.ActiveCfg = Debug|Any CPU
		{1A66CF31-D679-4FA4-81BD-56B5AFE7D5A8}.Debug|x64.Build.0 = Debug|Any CPU
		{1A66CF31-D679-4FA4-81BD-56B5AFE7D5A8}.Debug|x86.ActiveCfg = Debug|Any CPU
		{1A66CF31-D679-4FA4-81BD-56B5AFE7D5A8}.Debug|x86.Build.0 = Debug|Any CPU
		{1A66CF31-D679-4FA4-81BD-56B5AFE7D5A8}.Release|Any CPU.ActiveCfg = Release|Any CPU
		{1A66CF31-D679-4FA4-81BD-56B5AFE7D5A8}.Release|Any CPU.Build.0 = Release|Any CPU
		{1A66CF31-D679-4FA4-81BD-56B5AFE7D5A8}.Release|x64.ActiveCfg = Release|Any CPU
		{1A66CF31-D679-4FA4-81BD-56B5AFE7D5A8}.Release|x64.Build.0 = Release|Any CPU
		{1A66CF31-D679-4FA4-81BD-56B5AFE7D5A8}.Release|x86.ActiveCfg = Release|Any CPU
		{1A66CF31-D679-4FA4-81BD-56B5AFE7D5A8}.Release|x86.Build.0 = Release|Any CPU
		{F0A4E7D5-6106-4240-A213-9132C4E52F01}.Debug|Any CPU.ActiveCfg = Debug|Any CPU
		{F0A4E7D5-6106-4240-A213-9132C4E52F01}.Debug|Any CPU.Build.0 = Debug|Any CPU
		{F0A4E7D5-6106-4240-A213-9132C4E52F01}.Debug|x64.ActiveCfg = Debug|Any CPU
		{F0A4E7D5-6106-4240-A213-9132C4E52F01}.Debug|x64.Build.0 = Debug|Any CPU
		{F0A4E7D5-6106-4240-A213-9132C4E52F01}.Debug|x86.ActiveCfg = Debug|Any CPU
		{F0A4E7D5-6106-4240-A213-9132C4E52F01}.Debug|x86.Build.0 = Debug|Any CPU
		{F0A4E7D5-6106-4240-A213-9132C4E52F01}.Release|Any CPU.ActiveCfg = Release|Any CPU
		{F0A4E7D5-6106-4240-A213-9132C4E52F01}.Release|Any CPU.Build.0 = Release|Any CPU
		{F0A4E7D5-6106-4240-A213-9132C4E52F01}.Release|x64.ActiveCfg = Release|Any CPU
		{F0A4E7D5-6106-4240-A213-9132C4E52F01}.Release|x64.Build.0 = Release|Any CPU
		{F0A4E7D5-6106-4240-A213-9132C4E52F01}.Release|x86.ActiveCfg = Release|Any CPU
		{F0A4E7D5-6106-4240-A213-9132C4E52F01}.Release|x86.Build.0 = Release|Any CPU
		{36724E98-DDBC-492B-B79F-9C96B5453653}.Debug|Any CPU.ActiveCfg = Debug|Any CPU
		{36724E98-DDBC-492B-B79F-9C96B5453653}.Debug|Any CPU.Build.0 = Debug|Any CPU
		{36724E98-DDBC-492B-B79F-9C96B5453653}.Debug|x64.ActiveCfg = Debug|Any CPU
		{36724E98-DDBC-492B-B79F-9C96B5453653}.Debug|x64.Build.0 = Debug|Any CPU
		{36724E98-DDBC-492B-B79F-9C96B5453653}.Debug|x86.ActiveCfg = Debug|Any CPU
		{36724E98-DDBC-492B-B79F-9C96B5453653}.Debug|x86.Build.0 = Debug|Any CPU
		{36724E98-DDBC-492B-B79F-9C96B5453653}.Release|Any CPU.ActiveCfg = Release|Any CPU
		{36724E98-DDBC-492B-B79F-9C96B5453653}.Release|Any CPU.Build.0 = Release|Any CPU
		{36724E98-DDBC-492B-B79F-9C96B5453653}.Release|x64.ActiveCfg = Release|Any CPU
		{36724E98-DDBC-492B-B79F-9C96B5453653}.Release|x64.Build.0 = Release|Any CPU
		{36724E98-DDBC-492B-B79F-9C96B5453653}.Release|x86.ActiveCfg = Release|Any CPU
		{36724E98-DDBC-492B-B79F-9C96B5453653}.Release|x86.Build.0 = Release|Any CPU
		{63DE6FE2-AB47-43B6-8278-EB2607EC034E}.Debug|Any CPU.ActiveCfg = Debug|Any CPU
		{63DE6FE2-AB47-43B6-8278-EB2607EC034E}.Debug|Any CPU.Build.0 = Debug|Any CPU
		{63DE6FE2-AB47-43B6-8278-EB2607EC034E}.Debug|x64.ActiveCfg = Debug|Any CPU
		{63DE6FE2-AB47-43B6-8278-EB2607EC034E}.Debug|x64.Build.0 = Debug|Any CPU
		{63DE6FE2-AB47-43B6-8278-EB2607EC034E}.Debug|x86.ActiveCfg = Debug|Any CPU
		{63DE6FE2-AB47-43B6-8278-EB2607EC034E}.Debug|x86.Build.0 = Debug|Any CPU
		{63DE6FE2-AB47-43B6-8278-EB2607EC034E}.Release|Any CPU.ActiveCfg = Release|Any CPU
		{63DE6FE2-AB47-43B6-8278-EB2607EC034E}.Release|Any CPU.Build.0 = Release|Any CPU
		{63DE6FE2-AB47-43B6-8278-EB2607EC034E}.Release|x64.ActiveCfg = Release|Any CPU
		{63DE6FE2-AB47-43B6-8278-EB2607EC034E}.Release|x64.Build.0 = Release|Any CPU
		{63DE6FE2-AB47-43B6-8278-EB2607EC034E}.Release|x86.ActiveCfg = Release|Any CPU
		{63DE6FE2-AB47-43B6-8278-EB2607EC034E}.Release|x86.Build.0 = Release|Any CPU
		{8CF20618-70DE-4FB2-B83C-E5009AA27CD6}.Debug|Any CPU.ActiveCfg = Debug|Any CPU
		{8CF20618-70DE-4FB2-B83C-E5009AA27CD6}.Debug|Any CPU.Build.0 = Debug|Any CPU
		{8CF20618-70DE-4FB2-B83C-E5009AA27CD6}.Debug|x64.ActiveCfg = Debug|Any CPU
		{8CF20618-70DE-4FB2-B83C-E5009AA27CD6}.Debug|x64.Build.0 = Debug|Any CPU
		{8CF20618-70DE-4FB2-B83C-E5009AA27CD6}.Debug|x86.ActiveCfg = Debug|Any CPU
		{8CF20618-70DE-4FB2-B83C-E5009AA27CD6}.Debug|x86.Build.0 = Debug|Any CPU
		{8CF20618-70DE-4FB2-B83C-E5009AA27CD6}.Release|Any CPU.ActiveCfg = Release|Any CPU
		{8CF20618-70DE-4FB2-B83C-E5009AA27CD6}.Release|Any CPU.Build.0 = Release|Any CPU
		{8CF20618-70DE-4FB2-B83C-E5009AA27CD6}.Release|x64.ActiveCfg = Release|Any CPU
		{8CF20618-70DE-4FB2-B83C-E5009AA27CD6}.Release|x64.Build.0 = Release|Any CPU
		{8CF20618-70DE-4FB2-B83C-E5009AA27CD6}.Release|x86.ActiveCfg = Release|Any CPU
		{8CF20618-70DE-4FB2-B83C-E5009AA27CD6}.Release|x86.Build.0 = Release|Any CPU
	EndGlobalSection
	GlobalSection(SolutionProperties) = preSolution
		HideSolutionNode = FALSE
	EndGlobalSection
	GlobalSection(NestedProjects) = preSolution
		{599344DB-31E9-4618-AB8F-247FB6EF5B29} = {827E0CD3-B72D-47B6-A68D-7590B98EB39B}
		{FEE8DAA7-FAE9-40D8-A1FD-52297D2B3058} = {827E0CD3-B72D-47B6-A68D-7590B98EB39B}
		{8B0B664E-DA79-449E-9545-D8D857A2B2AF} = {827E0CD3-B72D-47B6-A68D-7590B98EB39B}
		{AF59EFD8-CD09-4387-A660-B2D1277053C8} = {827E0CD3-B72D-47B6-A68D-7590B98EB39B}
		{DDEA7EC9-9FA0-452E-ACC8-D0EAEE64ED69} = {827E0CD3-B72D-47B6-A68D-7590B98EB39B}
		{1A66CF31-D679-4FA4-81BD-56B5AFE7D5A8} = {827E0CD3-B72D-47B6-A68D-7590B98EB39B}
		{F0A4E7D5-6106-4240-A213-9132C4E52F01} = {827E0CD3-B72D-47B6-A68D-7590B98EB39B}
		{36724E98-DDBC-492B-B79F-9C96B5453653} = {827E0CD3-B72D-47B6-A68D-7590B98EB39B}
		{63DE6FE2-AB47-43B6-8278-EB2607EC034E} = {827E0CD3-B72D-47B6-A68D-7590B98EB39B}
		{8CF20618-70DE-4FB2-B83C-E5009AA27CD6} = {827E0CD3-B72D-47B6-A68D-7590B98EB39B}
	EndGlobalSection
EndGlobal
